
Microsoft Visual Studio Solution File, Format Version 12.00
# Visual Studio Version 16
VisualStudioVersion = 16.0.31105.61
MinimumVisualStudioVersion = 10.0.40219.1
Project("{9A19103F-16F7-4668-BE54-9A1E7A4F7556}") = "ConsoleApp1", "ConsoleApp1\ConsoleApp1.csproj", "{7D923F7B-399C-43A8-807A-34F6C7294B8F}"
EndProject
Project("{9A19103F-16F7-4668-BE54-9A1E7A4F7556}") = "LineageServer", "LineageServer\LineageServer.csproj", "{ECF7432B-AE16-4670-A98A-73289C9ED210}"
EndProject
Project("{FAE04EC0-301F-11D3-BF4B-00C04F79EFBC}") = "DataBaseModule", "DataBaseModule\DataBaseModule.csproj", "{0329C63C-0A33-4A92-9976-C6E0715F7FC5}"
EndProject
Project("{FAE04EC0-301F-11D3-BF4B-00C04F79EFBC}") = "DataBaseSourceCodeMaker", "DataBaseSourceCodeMaker\DataBaseSourceCodeMaker.csproj", "{E1B66029-CDBD-4FE4-8514-04D92AAEFEDE}"
EndProject
Project("{2150E333-8FDC-42A3-9474-1A3956D46DE8}") = "00.Server", "00.Server", "{FFADFBA4-189F-4AAC-878F-4B6CA7219BAD}"
EndProject
Project("{2150E333-8FDC-42A3-9474-1A3956D46DE8}") = "01.Modules", "01.Modules", "{B39D6399-EA33-4B67-9F7D-AD0607F65E8C}"
EndProject
Project("{2150E333-8FDC-42A3-9474-1A3956D46DE8}") = "99.Tool", "99.Tool", "{03096B7C-B345-4443-AF2A-15E913E7FC21}"
EndProject
Global
	GlobalSection(SolutionConfigurationPlatforms) = preSolution
		Debug|Any CPU = Debug|Any CPU
		Release|Any CPU = Release|Any CPU
	EndGlobalSection
	GlobalSection(ProjectConfigurationPlatforms) = postSolution
		{7D923F7B-399C-43A8-807A-34F6C7294B8F}.Debug|Any CPU.ActiveCfg = Debug|Any CPU
		{7D923F7B-399C-43A8-807A-34F6C7294B8F}.Debug|Any CPU.Build.0 = Debug|Any CPU
		{7D923F7B-399C-43A8-807A-34F6C7294B8F}.Release|Any CPU.ActiveCfg = Release|Any CPU
		{7D923F7B-399C-43A8-807A-34F6C7294B8F}.Release|Any CPU.Build.0 = Release|Any CPU
		{ECF7432B-AE16-4670-A98A-73289C9ED210}.Debug|Any CPU.ActiveCfg = Debug|Any CPU
		{ECF7432B-AE16-4670-A98A-73289C9ED210}.Debug|Any CPU.Build.0 = Debug|Any CPU
		{ECF7432B-AE16-4670-A98A-73289C9ED210}.Release|Any CPU.ActiveCfg = Release|Any CPU
		{ECF7432B-AE16-4670-A98A-73289C9ED210}.Release|Any CPU.Build.0 = Release|Any CPU
		{0329C63C-0A33-4A92-9976-C6E0715F7FC5}.Debug|Any CPU.ActiveCfg = Debug|Any CPU
		{0329C63C-0A33-4A92-9976-C6E0715F7FC5}.Debug|Any CPU.Build.0 = Debug|Any CPU
		{0329C63C-0A33-4A92-9976-C6E0715F7FC5}.Release|Any CPU.ActiveCfg = Release|Any CPU
		{0329C63C-0A33-4A92-9976-C6E0715F7FC5}.Release|Any CPU.Build.0 = Release|Any CPU
		{E1B66029-CDBD-4FE4-8514-04D92AAEFEDE}.Debug|Any CPU.ActiveCfg = Debug|Any CPU
		{E1B66029-CDBD-4FE4-8514-04D92AAEFEDE}.Debug|Any CPU.Build.0 = Debug|Any CPU
		{E1B66029-CDBD-4FE4-8514-04D92AAEFEDE}.Release|Any CPU.ActiveCfg = Release|Any CPU
		{E1B66029-CDBD-4FE4-8514-04D92AAEFEDE}.Release|Any CPU.Build.0 = Release|Any CPU
	EndGlobalSection
	GlobalSection(SolutionProperties) = preSolution
		HideSolutionNode = FALSE
	EndGlobalSection
	GlobalSection(NestedProjects) = preSolution
		{ECF7432B-AE16-4670-A98A-73289C9ED210} = {FFADFBA4-189F-4AAC-878F-4B6CA7219BAD}
		{0329C63C-0A33-4A92-9976-C6E0715F7FC5} = {B39D6399-EA33-4B67-9F7D-AD0607F65E8C}
		{E1B66029-CDBD-4FE4-8514-04D92AAEFEDE} = {03096B7C-B345-4443-AF2A-15E913E7FC21}
	EndGlobalSection
	GlobalSection(ExtensibilityGlobals) = postSolution
		SolutionGuid = {5F570574-222C-40C3-94E2-03E410E41344}
	EndGlobalSection
EndGlobal
